Microsoft Visual Studio Solution File, Format Version 12.00
# Visual Studio Version 17
VisualStudioVersion = 17.5.2.0
MinimumVisualStudioVersion = 10.0.40219.1
Project("{FAE04EC0-301F-11D3-BF4B-00C04F79EFBC}") = "LiskovSubstituition", "LiskovSubstituition.csproj", "{6ABAF896-175B-F4C4-E85C-3F58C0FD8E4B}"
EndProject
Global
	GlobalSection(SolutionConfigurationPlatforms) = preSolution
		Debug|Any CPU = Debug|Any CPU
		Release|Any CPU = Release|Any CPU
	EndGlobalSection
	GlobalSection(ProjectConfigurationPlatforms) = postSolution
		{6ABAF896-175B-F4C4-E85C-3F58C0FD8E4B}.Debug|Any CPU.ActiveCfg = Debug|Any CPU
		{6ABAF896-175B-F4C4-E85C-3F58C0FD8E4B}.Debug|Any CPU.Build.0 = Debug|Any CPU
		{6ABAF896-175B-F4C4-E85C-3F58C0FD8E4B}.Release|Any CPU.ActiveCfg = Release|Any CPU
		{6ABAF896-175B-F4C4-E85C-3F58C0FD8E4B}.Release|Any CPU.Build.0 = Release|Any CPU
	EndGlobalSection
	GlobalSection(SolutionProperties) = preSolution
		HideSolutionNode = FALSE
	EndGlobalSection
	GlobalSection(ExtensibilityGlobals) = postSolution
		SolutionGuid = {F60C8F0B-72E9-48C6-98AF-8CE37F987AD3}
	EndGlobalSection
EndGlobal
